
Microsoft Visual Studio Solution File, Format Version 12.00
# Visual Studio 15
VisualStudioVersion = 15.0.28307.329
MinimumVisualStudioVersion = 10.0.40219.1
Project("{FAE04EC0-301F-11D3-BF4B-00C04F79EFBC}") = "SD210_BugTracker", "SD210_BugTracker\SD210_BugTracker.csproj", "{C22F8984-914D-44BB-A8F4-7562E24E304A}"
EndProject
Global
	GlobalSection(SolutionConfigurationPlatforms) = preSolution
		Debug|Any CPU = Debug|Any CPU
		Release|Any CPU = Release|Any CPU
	EndGlobalSection
	GlobalSection(ProjectConfigurationPlatforms) = postSolution
		{C22F8984-914D-44BB-A8F4-7562E24E304A}.Debug|Any CPU.ActiveCfg = Debug|Any CPU
		{C22F8984-914D-44BB-A8F4-7562E24E304A}.Debug|Any CPU.Build.0 = Debug|Any CPU
		{C22F8984-914D-44BB-A8F4-7562E24E304A}.Release|Any CPU.ActiveCfg = Release|Any CPU
		{C22F8984-914D-44BB-A8F4-7562E24E304A}.Release|Any CPU.Build.0 = Release|Any CPU
	EndGlobalSection
	GlobalSection(SolutionProperties) = preSolution
		HideSolutionNode = FALSE
	EndGlobalSection
	GlobalSection(ExtensibilityGlobals) = postSolution
		SolutionGuid = {9ACE0414-7446-43C5-88A3-B7D12EBCB84D}
	EndGlobalSection
EndGlobal
